
Microsoft Visual Studio Solution File, Format Version 12.00
# Visual Studio 2012
Project("{FAE04EC0-301F-11D3-BF4B-00C04F79EFBC}") = "foodpicker", "foodpicker\foodpicker.csproj", "{88C28228-B6B3-4F3F-A52A-93CA723D259C}"
EndProject
Project("{FAE04EC0-301F-11D3-BF4B-00C04F79EFBC}") = "foodpicker.Tests", "foodpicker.Tests\foodpicker.Tests.csproj", "{559328F8-2671-4764-B875-00E3AD7AC65A}"
EndProject
Project("{2150E333-8FDC-42A3-9474-1A3956D46DE8}") = "Solution Items", "Solution Items", "{5F9F5BF2-3A93-4898-8BC0-128D92B5BF26}"
	ProjectSection(SolutionItems) = preProject
		food-04.jpg = food-04.jpg
	EndProjectSection
EndProject
Global
	GlobalSection(SolutionConfigurationPlatforms) = preSolution
		Debug|Any CPU = Debug|Any CPU
		Release|Any CPU = Release|Any CPU
	EndGlobalSection
	GlobalSection(ProjectConfigurationPlatforms) = postSolution
		{559328F8-2671-4764-B875-00E3AD7AC65A}.Debug|Any CPU.ActiveCfg = Debug|Any CPU
		{559328F8-2671-4764-B875-00E3AD7AC65A}.Debug|Any CPU.Build.0 = Debug|Any CPU
		{559328F8-2671-4764-B875-00E3AD7AC65A}.Release|Any CPU.ActiveCfg = Release|Any CPU
		{559328F8-2671-4764-B875-00E3AD7AC65A}.Release|Any CPU.Build.0 = Release|Any CPU
		{88C28228-B6B3-4F3F-A52A-93CA723D259C}.Debug|Any CPU.ActiveCfg = Debug|Any CPU
		{88C28228-B6B3-4F3F-A52A-93CA723D259C}.Debug|Any CPU.Build.0 = Debug|Any CPU
		{88C28228-B6B3-4F3F-A52A-93CA723D259C}.Release|Any CPU.ActiveCfg = Release|Any CPU
		{88C28228-B6B3-4F3F-A52A-93CA723D259C}.Release|Any CPU.Build.0 = Release|Any CPU
	EndGlobalSection
	GlobalSection(NestedProjects) = preSolution
	EndGlobalSection
EndGlobal
